
Microsoft Visual Studio Solution File, Format Version 12.00
# Visual Studio Version 17
VisualStudioVersion = 17.4.33110.190
MinimumVisualStudioVersion = 10.0.40219.1
Project("{FAE04EC0-301F-11D3-BF4B-00C04F79EFBC}") = "StaticClass", "StaticClass.csproj", "{6BE95443-F07C-4B10-8F99-F13EEFBCC0C1}"
EndProject
Project("{FAE04EC0-301F-11D3-BF4B-00C04F79EFBC}") = "StaticFields", "..\StaticFields\StaticFields.csproj", "{0C1E9990-643E-4562-BBA2-F9FB0CF437BF}"
EndProject
Project("{FAE04EC0-301F-11D3-BF4B-00C04F79EFBC}") = "StaticMethods", "..\StaticMethods\StaticMethods.csproj", "{60F77EF4-0C45-45A3-BE30-CCF0810533F4}"
EndProject
Project("{FAE04EC0-301F-11D3-BF4B-00C04F79EFBC}") = "StaticConstructor", "..\StaticConstructor\StaticConstructor.csproj", "{07C6C6BB-B712-439F-A146-628B53989A25}"
EndProject
Project("{FAE04EC0-301F-11D3-BF4B-00C04F79EFBC}") = "FinalizationsAndDestructorsEx1", "..\FinalizationsAndDestructors\FinalizationsAndDestructorsEx1.csproj", "{F2242679-0A2B-4175-B487-E5F6CB387014}"
EndProject
Project("{FAE04EC0-301F-11D3-BF4B-00C04F79EFBC}") = "FinalizationAndDestructorsEx2", "..\FinalizationAndDestructorsEx2\FinalizationAndDestructorsEx2.csproj", "{1E9923C2-9A38-4ECE-87C1-B3D486582F9B}"
EndProject
Project("{FAE04EC0-301F-11D3-BF4B-00C04F79EFBC}") = "FinalizationAndDestructorsEx3", "..\FinalizationAndDestructorsEx3\FinalizationAndDestructorsEx3.csproj", "{17A0A465-5127-4C14-A4D5-EC919534F61C}"
EndProject
Project("{FAE04EC0-301F-11D3-BF4B-00C04F79EFBC}") = "FinalizationAndDestructorsEx4", "..\FinalizationAndDestructorsEx4\FinalizationAndDestructorsEx4.csproj", "{1C206AA6-2F4F-4161-A99E-86DB073DEF23}"
EndProject
Project("{FAE04EC0-301F-11D3-BF4B-00C04F79EFBC}") = "FinalizationAndDestructorsEx5", "..\FinalizationAndDestructorsEx5\FinalizationAndDestructorsEx5.csproj", "{93B336FA-CC96-4837-A9F3-4210D955FAD2}"
EndProject
Project("{FAE04EC0-301F-11D3-BF4B-00C04F79EFBC}") = "FinalizationAndDestructorsEx6", "..\FinalizationAndDestructorsEx6\FinalizationAndDestructorsEx6.csproj", "{31D653C9-C6D9-4798-BB1F-1B2787B11F7B}"
EndProject
Global
	GlobalSection(SolutionConfigurationPlatforms) = preSolution
		Debug|Any CPU = Debug|Any CPU
		Release|Any CPU = Release|Any CPU
	EndGlobalSection
	GlobalSection(ProjectConfigurationPlatforms) = postSolution
		{6BE95443-F07C-4B10-8F99-F13EEFBCC0C1}.Debug|Any CPU.ActiveCfg = Debug|Any CPU
		{6BE95443-F07C-4B10-8F99-F13EEFBCC0C1}.Debug|Any CPU.Build.0 = Debug|Any CPU
		{6BE95443-F07C-4B10-8F99-F13EEFBCC0C1}.Release|Any CPU.ActiveCfg = Release|Any CPU
		{6BE95443-F07C-4B10-8F99-F13EEFBCC0C1}.Release|Any CPU.Build.0 = Release|Any CPU
		{0C1E9990-643E-4562-BBA2-F9FB0CF437BF}.Debug|Any CPU.ActiveCfg = Debug|Any CPU
		{0C1E9990-643E-4562-BBA2-F9FB0CF437BF}.Debug|Any CPU.Build.0 = Debug|Any CPU
		{0C1E9990-643E-4562-BBA2-F9FB0CF437BF}.Release|Any CPU.ActiveCfg = Release|Any CPU
		{0C1E9990-643E-4562-BBA2-F9FB0CF437BF}.Release|Any CPU.Build.0 = Release|Any CPU
		{60F77EF4-0C45-45A3-BE30-CCF0810533F4}.Debug|Any CPU.ActiveCfg = Debug|Any CPU
		{60F77EF4-0C45-45A3-BE30-CCF0810533F4}.Debug|Any CPU.Build.0 = Debug|Any CPU
		{60F77EF4-0C45-45A3-BE30-CCF0810533F4}.Release|Any CPU.ActiveCfg = Release|Any CPU
		{60F77EF4-0C45-45A3-BE30-CCF0810533F4}.Release|Any CPU.Build.0 = Release|Any CPU
		{07C6C6BB-B712-439F-A146-628B53989A25}.Debug|Any CPU.ActiveCfg = Debug|Any CPU
		{07C6C6BB-B712-439F-A146-628B53989A25}.Debug|Any CPU.Build.0 = Debug|Any CPU
		{07C6C6BB-B712-439F-A146-628B53989A25}.Release|Any CPU.ActiveCfg = Release|Any CPU
		{07C6C6BB-B712-439F-A146-628B53989A25}.Release|Any CPU.Build.0 = Release|Any CPU
		{F2242679-0A2B-4175-B487-E5F6CB387014}.Debug|Any CPU.ActiveCfg = Debug|Any CPU
		{F2242679-0A2B-4175-B487-E5F6CB387014}.Debug|Any CPU.Build.0 = Debug|Any CPU
		{F2242679-0A2B-4175-B487-E5F6CB387014}.Release|Any CPU.ActiveCfg = Release|Any CPU
		{F2242679-0A2B-4175-B487-E5F6CB387014}.Release|Any CPU.Build.0 = Release|Any CPU
		{1E9923C2-9A38-4ECE-87C1-B3D486582F9B}.Debug|Any CPU.ActiveCfg = Debug|Any CPU
		{1E9923C2-9A38-4ECE-87C1-B3D486582F9B}.Debug|Any CPU.Build.0 = Debug|Any CPU
		{1E9923C2-9A38-4ECE-87C1-B3D486582F9B}.Release|Any CPU.ActiveCfg = Release|Any CPU
		{1E9923C2-9A38-4ECE-87C1-B3D486582F9B}.Release|Any CPU.Build.0 = Release|Any CPU
		{17A0A465-5127-4C14-A4D5-EC919534F61C}.Debug|Any CPU.ActiveCfg = Debug|Any CPU
		{17A0A465-5127-4C14-A4D5-EC919534F61C}.Debug|Any CPU.Build.0 = Debug|Any CPU
		{17A0A465-5127-4C14-A4D5-EC919534F61C}.Release|Any CPU.ActiveCfg = Release|Any CPU
		{17A0A465-5127-4C14-A4D5-EC919534F61C}.Release|Any CPU.Build.0 = Release|Any CPU
		{1C206AA6-2F4F-4161-A99E-86DB073DEF23}.Debug|Any CPU.ActiveCfg = Debug|Any CPU
		{1C206AA6-2F4F-4161-A99E-86DB073DEF23}.Debug|Any CPU.Build.0 = Debug|Any CPU
		{1C206AA6-2F4F-4161-A99E-86DB073DEF23}.Release|Any CPU.ActiveCfg = Release|Any CPU
		{1C206AA6-2F4F-4161-A99E-86DB073DEF23}.Release|Any CPU.Build.0 = Release|Any CPU
		{93B336FA-CC96-4837-A9F3-4210D955FAD2}.Debug|Any CPU.ActiveCfg = Debug|Any CPU
		{93B336FA-CC96-4837-A9F3-4210D955FAD2}.Debug|Any CPU.Build.0 = Debug|Any CPU
		{93B336FA-CC96-4837-A9F3-4210D955FAD2}.Release|Any CPU.ActiveCfg = Release|Any CPU
		{93B336FA-CC96-4837-A9F3-4210D955FAD2}.Release|Any CPU.Build.0 = Release|Any CPU
		{31D653C9-C6D9-4798-BB1F-1B2787B11F7B}.Debug|Any CPU.ActiveCfg = Debug|Any CPU
		{31D653C9-C6D9-4798-BB1F-1B2787B11F7B}.Debug|Any CPU.Build.0 = Debug|Any CPU
		{31D653C9-C6D9-4798-BB1F-1B2787B11F7B}.Release|Any CPU.ActiveCfg = Release|Any CPU
		{31D653C9-C6D9-4798-BB1F-1B2787B11F7B}.Release|Any CPU.Build.0 = Release|Any CPU
	EndGlobalSection
	GlobalSection(SolutionProperties) = preSolution
		HideSolutionNode = FALSE
	EndGlobalSection
	GlobalSection(ExtensibilityGlobals) = postSolution
		SolutionGuid = {93A98D7C-DECB-4C00-B224-FC5A8824CC8B}
	EndGlobalSection
EndGlobal
